
Microsoft Visual Studio Solution File, Format Version 12.00
# Visual Studio 2012
Project("{FAE04EC0-301F-11D3-BF4B-00C04F79EFBC}") = "Amcom.TesteWinForm", "Amcom.TesteWinForm\Amcom.TesteWinForm.csproj", "{63BA6A70-2664-425F-B744-68969B057BD0}"
EndProject
Project("{FAE04EC0-301F-11D3-BF4B-00C04F79EFBC}") = "Amcom.TesteWinForm.DataAccess", "Amcom.TesteWinForm.DataAccess\Amcom.TesteWinForm.DataAccess.csproj", "{08352E71-80AF-4463-89FD-FFC2DC79B2EB}"
EndProject
Project("{FAE04EC0-301F-11D3-BF4B-00C04F79EFBC}") = "Amcom.TesteWinForm.Common", "Amcom.TesteWinForm.Common\Amcom.TesteWinForm.Common.csproj", "{BBB6FB35-7A34-461C-BB94-DA93941D14BF}"
EndProject
Global
	GlobalSection(SolutionConfigurationPlatforms) = preSolution
		Debug|Any CPU = Debug|Any CPU
		Release|Any CPU = Release|Any CPU
	EndGlobalSection
	GlobalSection(ProjectConfigurationPlatforms) = postSolution
		{63BA6A70-2664-425F-B744-68969B057BD0}.Debug|Any CPU.ActiveCfg = Debug|Any CPU
		{63BA6A70-2664-425F-B744-68969B057BD0}.Debug|Any CPU.Build.0 = Debug|Any CPU
		{63BA6A70-2664-425F-B744-68969B057BD0}.Release|Any CPU.ActiveCfg = Release|Any CPU
		{63BA6A70-2664-425F-B744-68969B057BD0}.Release|Any CPU.Build.0 = Release|Any CPU
		{08352E71-80AF-4463-89FD-FFC2DC79B2EB}.Debug|Any CPU.ActiveCfg = Debug|Any CPU
		{08352E71-80AF-4463-89FD-FFC2DC79B2EB}.Debug|Any CPU.Build.0 = Debug|Any CPU
		{08352E71-80AF-4463-89FD-FFC2DC79B2EB}.Release|Any CPU.ActiveCfg = Release|Any CPU
		{08352E71-80AF-4463-89FD-FFC2DC79B2EB}.Release|Any CPU.Build.0 = Release|Any CPU
		{BBB6FB35-7A34-461C-BB94-DA93941D14BF}.Debug|Any CPU.ActiveCfg = Debug|Any CPU
		{BBB6FB35-7A34-461C-BB94-DA93941D14BF}.Debug|Any CPU.Build.0 = Debug|Any CPU
		{BBB6FB35-7A34-461C-BB94-DA93941D14BF}.Release|Any CPU.ActiveCfg = Release|Any CPU
		{BBB6FB35-7A34-461C-BB94-DA93941D14BF}.Release|Any CPU.Build.0 = Release|Any CPU
	EndGlobalSection
	GlobalSection(SolutionProperties) = preSolution
		HideSolutionNode = FALSE
	EndGlobalSection
EndGlobal
